{
  "name": "client",
  "version": "0.1.0",
  "lockfileVersion": 1,
  "requires": true,
  "dependencies": {
    "@babel/helper-plugin-utils": {
      "version": "7.0.0-beta.46",
      "resolved": "https://registry.npmjs.org/@babel/helper-plugin-utils/-/helper-plugin-utils-7.0.0-beta.46.tgz",
      "integrity": "sha512-eRTFH+/1rqDfzx+Z//CYk4TNwhfPQpM/TCs4CmHu2DwCPrqFnKUZLI1KgStfLf//c8FdOqx/U9EPec7s8CbUIA=="
    },
    "@babel/plugin-proposal-decorators": {
      "version": "7.0.0-beta.46",
      "resolved": "https://registry.npmjs.org/@babel/plugin-proposal-decorators/-/plugin-proposal-decorators-7.0.0-beta.46.tgz",
      "integrity": "sha512-2z+ayU1saRWfvHGE9uU+275EGSDQlGf37U2Vs2F9BjN0eUC+JAC96ncq2FuwLLRR8d6rfckzBJNqDNuW8Azaeg==",
      "requires": {
        "@babel/helper-plugin-utils": "7.0.0-beta.46",
        "@babel/plugin-syntax-decorators": "7.0.0-beta.46"
      }
    },
    "@babel/plugin-syntax-decorators": {
      "version": "7.0.0-beta.46",
      "resolved": "https://registry.npmjs.org/@babel/plugin-syntax-decorators/-/plugin-syntax-decorators-7.0.0-beta.46.tgz",
      "integrity": "sha512-yfgDxx6Vlm/gVGqHtW/rAL5gl8DuNtUqGYAdPaHl5B4GwmqhR/TNmL0mGuovky8Pruh5qTWLxK/NeCzs+p7LpA==",
      "requires": {
        "@babel/helper-plugin-utils": "7.0.0-beta.46"
      }
    }
  }
}
